
Microsoft Visual Studio Solution File, Format Version 12.00
# Visual Studio 15
VisualStudioVersion = 15.0.27428.2037
MinimumVisualStudioVersion = 10.0.40219.1
Project("{8BC9CEB8-8B4A-11D0-8D11-00A0C91BC942}") = "Binary_Search_Tree", "Binary_Search_Tree\Binary_Search_Tree.vcxproj", "{62EEA902-D77E-4BED-9513-B3D06CFFADD0}"
EndProject
Global
	GlobalSection(SolutionConfigurationPlatforms) = preSolution
		Debug|x64 = Debug|x64
		Debug|x86 = Debug|x86
		Release|x64 = Release|x64
		Release|x86 = Release|x86
	EndGlobalSection
	GlobalSection(ProjectConfigurationPlatforms) = postSolution
		{62EEA902-D77E-4BED-9513-B3D06CFFADD0}.Debug|x64.ActiveCfg = Debug|x64
		{62EEA902-D77E-4BED-9513-B3D06CFFADD0}.Debug|x64.Build.0 = Debug|x64
		{62EEA902-D77E-4BED-9513-B3D06CFFADD0}.Debug|x86.ActiveCfg = Debug|Win32
		{62EEA902-D77E-4BED-9513-B3D06CFFADD0}.Debug|x86.Build.0 = Debug|Win32
		{62EEA902-D77E-4BED-9513-B3D06CFFADD0}.Release|x64.ActiveCfg = Release|x64
		{62EEA902-D77E-4BED-9513-B3D06CFFADD0}.Release|x64.Build.0 = Release|x64
		{62EEA902-D77E-4BED-9513-B3D06CFFADD0}.Release|x86.ActiveCfg = Release|Win32
		{62EEA902-D77E-4BED-9513-B3D06CFFADD0}.Release|x86.Build.0 = Release|Win32
	EndGlobalSection
	GlobalSection(SolutionProperties) = preSolution
		HideSolutionNode = FALSE
	EndGlobalSection
	GlobalSection(ExtensibilityGlobals) = postSolution
		VisualSVNWorkingCopyRoot = .
		SolutionGuid = {A4512857-F2EE-43DE-8298-01D05AC0CD72}
	EndGlobalSection
EndGlobal
